// !$*UTF8*$!
{
	archiveVersion = 1;
	classes = {
	};
	objectVersion = 55;
	objects = {

/* Begin PBXBuildFile section */
		A39E64E827D6DC8000563E84 /* forMilestone4App.swift in Sources */ = {isa = PBXBuildFile; fileRef = A39E64E727D6DC8000563E84 /* forMilestone4App.swift */; };
		A39E64EA27D6DC8000563E84 /* loginPage.swift in Sources */ = {isa = PBXBuildFile; fileRef = A39E64E927D6DC8000563E84 /* loginPage.swift */; };
		A39E64EC27D6DC8000563E84 /* Assets.xcassets in Resources */ = {isa = PBXBuildFile; fileRef = A39E64EB27D6DC8000563E84 /* Assets.xcassets */; };
		A39E64EF27D6DC8000563E84 /* Preview Assets.xcassets in Resources */ = {isa = PBXBuildFile; fileRef = A39E64EE27D6DC8000563E84 /* Preview Assets.xcassets */; };
		A3CE5B2E27D718160040748A /* mainView.swift in Sources */ = {isa = PBXBuildFile; fileRef = A3CE5B2D27D718160040748A /* mainView.swift */; };
		A3CE5B3027D71B370040748A /* HomePage.swift in Sources */ = {isa = PBXBuildFile; fileRef = A3CE5B2F27D71B370040748A /* HomePage.swift */; };
		A3CE5B3227D71FD00040748A /* ColorDictionary.swift in Sources */ = {isa = PBXBuildFile; fileRef = A3CE5B3127D71FD00040748A /* ColorDictionary.swift */; };
		A3CE5B3427D73C9E0040748A /* PollingPage.swift in Sources */ = {isa = PBXBuildFile; fileRef = A3CE5B3327D73C9E0040748A /* PollingPage.swift */; };
		A3CE5B3627D73EB50040748A /* HistoryPage.swift in Sources */ = {isa = PBXBuildFile; fileRef = A3CE5B3527D73EB50040748A /* HistoryPage.swift */; };
		A3CE5B3827D73F1D0040748A /* SettingPage.swift in Sources */ = {isa = PBXBuildFile; fileRef = A3CE5B3727D73F1D0040748A /* SettingPage.swift */; };
/* End PBXBuildFile section */

/* Begin PBXFileReference section */
		A39E64E427D6DC8000563E84 /* forMilestone4.app */ = {isa = PBXFileReference; explicitFileType = wrapper.application; includeInIndex = 0; path = forMilestone4.app; sourceTree = BUILT_PRODUCTS_DIR; };
		A39E64E727D6DC8000563E84 /* forMilestone4App.swift */ = {isa = PBXFileReference; lastKnownFileType = sourcecode.swift; path = forMilestone4App.swift; sourceTree = "<group>"; };
		A39E64E927D6DC8000563E84 /* loginPage.swift */ = {isa = PBXFileReference; lastKnownFileType = sourcecode.swift; path = loginPage.swift; sourceTree = "<group>"; };
		A39E64EB27D6DC8000563E84 /* Assets.xcassets */ = {isa = PBXFileReference; lastKnownFileType = folder.assetcatalog; path = Assets.xcassets; sourceTree = "<group>"; };
		A39E64EE27D6DC8000563E84 /* Preview Assets.xcassets */ = {isa = PBXFileReference; lastKnownFileType = folder.assetcatalog; path = "Preview Assets.xcassets"; sourceTree = "<group>"; };
		A3CE5B2D27D718160040748A /* mainView.swift */ = {isa = PBXFileReference; lastKnownFileType = sourcecode.swift; path = mainView.swift; sourceTree = "<group>"; };
		A3CE5B2F27D71B370040748A /* HomePage.swift */ = {isa = PBXFileReference; lastKnownFileType = sourcecode.swift; path = HomePage.swift; sourceTree = "<group>"; };
		A3CE5B3127D71FD00040748A /* ColorDictionary.swift */ = {isa = PBXFileReference; lastKnownFileType = sourcecode.swift; path = ColorDictionary.swift; sourceTree = "<group>"; };
		A3CE5B3327D73C9E0040748A /* PollingPage.swift */ = {isa = PBXFileReference; lastKnownFileType = sourcecode.swift; path = PollingPage.swift; sourceTree = "<group>"; };
		A3CE5B3527D73EB50040748A /* HistoryPage.swift */ = {isa = PBXFileReference; lastKnownFileType = sourcecode.swift; path = HistoryPage.swift; sourceTree = "<group>"; };
		A3CE5B3727D73F1D0040748A /* SettingPage.swift */ = {isa = PBXFileReference; lastKnownFileType = sourcecode.swift; path = SettingPage.swift; sourceTree = "<group>"; };
/* End PBXFileReference section */

/* Begin PBXFrameworksBuildPhase section */
		A39E64E127D6DC8000563E84 /* Frameworks */ = {
			isa = PBXFrameworksBuildPhase;
			buildActionMask = 2147483647;
			files = (
			);
			runOnlyForDeploymentPostprocessing = 0;
		};
/* End PBXFrameworksBuildPhase section */

/* Begin PBXGroup section */
		A39E64DB27D6DC8000563E84 = {
			isa = PBXGroup;
			children = (
				A39E64E627D6DC8000563E84 /* forMilestone4 */,
				A39E64E527D6DC8000563E84 /* Products */,
			);
			sourceTree = "<group>";
		};
		A39E64E527D6DC8000563E84 /* Products */ = {
			isa = PBXGroup;
			children = (
				A39E64E427D6DC8000563E84 /* forMilestone4.app */,
			);
			name = Products;
			sourceTree = "<group>";
		};
		A39E64E627D6DC8000563E84 /* forMilestone4 */ = {
			isa = PBXGroup;
			children = (
				A39E64E727D6DC8000563E84 /* forMilestone4App.swift */,
				A39E64E927D6DC8000563E84 /* loginPage.swift */,
				A3CE5B3127D71FD00040748A /* ColorDictionary.swift */,
				A3CE5B2D27D718160040748A /* mainView.swift */,
				A3CE5B3727D73F1D0040748A /* SettingPage.swift */,
				A3CE5B3527D73EB50040748A /* HistoryPage.swift */,
				A3CE5B3327D73C9E0040748A /* PollingPage.swift */,
				A3CE5B2F27D71B370040748A /* HomePage.swift */,
				A39E64EB27D6DC8000563E84 /* Assets.xcassets */,
				A39E64ED27D6DC8000563E84 /* Preview Content */,
			);
			path = forMilestone4;
			sourceTree = "<group>";
		};
		A39E64ED27D6DC8000563E84 /* Preview Content */ = {
			isa = PBXGroup;
			children = (
				A39E64EE27D6DC8000563E84 /* Preview Assets.xcassets */,
			);
			path = "Preview Content";
			sourceTree = "<group>";
		};
/* End PBXGroup section */

/* Begin PBXNativeTarget section */
		A39E64E327D6DC8000563E84 /* forMilestone4 */ = {
			isa = PBXNativeTarget;
			buildConfigurationList = A39E64F227D6DC8000563E84 /* Build configuration list for PBXNativeTarget "forMilestone4" */;
			buildPhases = (
				A39E64E027D6DC8000563E84 /* Sources */,
				A39E64E127D6DC8000563E84 /* Frameworks */,
				A39E64E227D6DC8000563E84 /* Resources */,
			);
			buildRules = (
			);
			dependencies = (
			);
			name = forMilestone4;
			productName = forMilestone4;
			productReference = A39E64E427D6DC8000563E84 /* forMilestone4.app */;
			productType = "com.apple.product-type.application";
		};
/* End PBXNativeTarget section */

/* Begin PBXProject section */
		A39E64DC27D6DC8000563E84 /* Project object */ = {
			isa = PBXProject;
			attributes = {
				BuildIndependentTargetsInParallel = 1;
				LastSwiftUpdateCheck = 1320;
				LastUpgradeCheck = 1320;
				TargetAttributes = {
					A39E64E327D6DC8000563E84 = {
						CreatedOnToolsVersion = 13.2.1;
					};
				};
			};
			buildConfigurationList = A39E64DF27D6DC8000563E84 /* Build configuration list for PBXProject "forMilestone4" */;
			compatibilityVersion = "Xcode 13.0";
			developmentRegion = en;
			hasScannedForEncodings = 0;
			knownRegions = (
				en,
				Base,
			);
			mainGroup = A39E64DB27D6DC8000563E84;
			productRefGroup = A39E64E527D6DC8000563E84 /* Products */;
			projectDirPath = "";
			projectRoot = "";
			targets = (
				A39E64E327D6DC8000563E84 /* forMilestone4 */,
			);
		};
/* End PBXProject section */

/* Begin PBXResourcesBuildPhase section */
		A39E64E227D6DC8000563E84 /* Resources */ = {
			isa = PBXResourcesBuildPhase;
			buildActionMask = 2147483647;
			files = (
				A39E64EF27D6DC8000563E84 /* Preview Assets.xcassets in Resources */,
				A39E64EC27D6DC8000563E84 /* Assets.xcassets in Resources */,
			);
			runOnlyForDeploymentPostprocessing = 0;
		};
/* End PBXResourcesBuildPhase section */

/* Begin PBXSourcesBuildPhase section */
		A39E64E027D6DC8000563E84 /* Sources */ = {
			isa = PBXSourcesBuildPhase;
			buildActionMask = 2147483647;
			files = (
				A3CE5B3427D73C9E0040748A /* PollingPage.swift in Sources */,
				A3CE5B2E27D718160040748A /* mainView.swift in Sources */,
				A39E64EA27D6DC8000563E84 /* loginPage.swift in Sources */,
				A3CE5B3027D71B370040748A /* HomePage.swift in Sources */,
				A3CE5B3227D71FD00040748A /* ColorDictionary.swift in Sources */,
				A3CE5B3627D73EB50040748A /* HistoryPage.swift in Sources */,
				A39E64E827D6DC8000563E84 /* forMilestone4App.swift in Sources */,
				A3CE5B3827D73F1D0040748A /* SettingPage.swift in Sources */,
			);
			runOnlyForDeploymentPostprocessing = 0;
		};
/* End PBXSourcesBuildPhase section */

/* Begin XCBuildConfiguration section */
		A39E64F027D6DC8000563E84 /* Debug */ = {
			isa = XCBuildConfiguration;
			buildSettings = {
				ALWAYS_SEARCH_USER_PATHS = NO;
				CLANG_ANALYZER_NONNULL = YES;
				CLANG_ANALYZER_NUMBER_OBJECT_CONVERSION = YES_AGGRESSIVE;
				CLANG_CXX_LANGUAGE_STANDARD = "gnu++17";
				CLANG_CXX_LIBRARY = "libc++";
				CLANG_ENABLE_MODULES = YES;
				CLANG_ENABLE_OBJC_ARC = YES;
				CLANG_ENABLE_OBJC_WEAK = YES;
				CLANG_WARN_BLOCK_CAPTURE_AUTORELEASING = YES;
				CLANG_WARN_BOOL_CONVERSION = YES;
				CLANG_WARN_COMMA = YES;
				CLANG_WARN_CONSTANT_CONVERSION = YES;
				CLANG_WARN_DEPRECATED_OBJC_IMPLEMENTATIONS = YES;
				CLANG_WARN_DIRECT_OBJC_ISA_USAGE = YES_ERROR;
				CLANG_WARN_DOCUMENTATION_COMMENTS = YES;
				CLANG_WARN_EMPTY_BODY = YES;
				CLANG_WARN_ENUM_CONVERSION = YES;
				CLANG_WARN_INFINITE_RECURSION = YES;
				CLANG_WARN_INT_CONVERSION = YES;
				CLANG_WARN_NON_LITERAL_NULL_CONVERSION = YES;
				CLANG_WARN_OBJC_IMPLICIT_RETAIN_SELF = YES;
				CLANG_WARN_OBJC_LITERAL_CONVERSION = YES;
				CLANG_WARN_OBJC_ROOT_CLASS = YES_ERROR;
				CLANG_WARN_QUOTED_INCLUDE_IN_FRAMEWORK_HEADER = YES;
				CLANG_WARN_RANGE_LOOP_ANALYSIS = YES;
				CLANG_WARN_STRICT_PROTOTYPES = YES;
				CLANG_WARN_SUSPICIOUS_MOVE = YES;
				CLANG_WARN_UNGUARDED_AVAILABILITY = YES_AGGRESSIVE;
				CLANG_WARN_UNREACHABLE_CODE = YES;
				CLANG_WARN__DUPLICATE_METHOD_MATCH = YES;
				COPY_PHASE_STRIP = NO;
				DEBUG_INFORMATION_FORMAT = dwarf;
				ENABLE_STRICT_OBJC_MSGSEND = YES;
				ENABLE_TESTABILITY = YES;
				GCC_C_LANGUAGE_STANDARD = gnu11;
				GCC_DYNAMIC_NO_PIC = NO;
				GCC_NO_COMMON_BLOCKS = YES;
				GCC_OPTIMIZATION_LEVEL = 0;
				GCC_PREPROCESSOR_DEFINITIONS = (
					"DEBUG=1",
					"$(inherited)",
				);
				GCC_WARN_64_TO_32_BIT_CONVERSION = YES;
				GCC_WARN_ABOUT_RETURN_TYPE = YES_ERROR;
				GCC_WARN_UNDECLARED_SELECTOR = YES;
				GCC_WARN_UNINITIALIZED_AUTOS = YES_AGGRESSIVE;
				GCC_WARN_UNUSED_FUNCTION = YES;
				GCC_WARN_UNUSED_VARIABLE = YES;
				IPHONEOS_DEPLOYMENT_TARGET = 15.2;
				MTL_ENABLE_DEBUG_INFO = INCLUDE_SOURCE;
				MTL_FAST_MATH = YES;
				ONLY_ACTIVE_ARCH = YES;
				SDKROOT = iphoneos;
				SWIFT_ACTIVE_COMPILATION_CONDITIONS = DEBUG;
				SWIFT_OPTIMIZATION_LEVEL = "-Onone";
			};
			name = Debug;
		};
		A39E64F127D6DC8000563E84 /* Release */ = {
			isa = XCBuildConfiguration;
			buildSettings = {
				ALWAYS_SEARCH_USER_PATHS = NO;
				CLANG_ANALYZER_NONNULL = YES;
				CLANG_ANALYZER_NUMBER_OBJECT_CONVERSION = YES_AGGRESSIVE;
				CLANG_CXX_LANGUAGE_STANDARD = "gnu++17";
				CLANG_CXX_LIBRARY = "libc++";
				CLANG_ENABLE_MODULES = YES;
				CLANG_ENABLE_OBJC_ARC = YES;
				CLANG_ENABLE_OBJC_WEAK = YES;
				CLANG_WARN_BLOCK_CAPTURE_AUTORELEASING = YES;
				CLANG_WARN_BOOL_CONVERSION = YES;
				CLANG_WARN_COMMA = YES;
				CLANG_WARN_CONSTANT_CONVERSION = YES;
				CLANG_WARN_DEPRECATED_OBJC_IMPLEMENTATIONS = YES;
				CLANG_WARN_DIRECT_OBJC_ISA_USAGE = YES_ERROR;
				CLANG_WARN_DOCUMENTATION_COMMENTS = YES;
				CLANG_WARN_EMPTY_BODY = YES;
				CLANG_WARN_ENUM_CONVERSION = YES;
				CLANG_WARN_INFINITE_RECURSION = YES;
				CLANG_WARN_INT_CONVERSION = YES;
				CLANG_WARN_NON_LITERAL_NULL_CONVERSION = YES;
				CLANG_WARN_OBJC_IMPLICIT_RETAIN_SELF = YES;
				CLANG_WARN_OBJC_LITERAL_CONVERSION = YES;
				CLANG_WARN_OBJC_ROOT_CLASS = YES_ERROR;
				CLANG_WARN_QUOTED_INCLUDE_IN_FRAMEWORK_HEADER = YES;
				CLANG_WARN_RANGE_LOOP_ANALYSIS = YES;
				CLANG_WARN_STRICT_PROTOTYPES = YES;
				CLANG_WARN_SUSPICIOUS_MOVE = YES;
				CLANG_WARN_UNGUARDED_AVAILABILITY = YES_AGGRESSIVE;
				CLANG_WARN_UNREACHABLE_CODE = YES;
				CLANG_WARN__DUPLICATE_METHOD_MATCH = YES;
				COPY_PHASE_STRIP = NO;
				DEBUG_INFORMATION_FORMAT = "dwarf-with-dsym";
				ENABLE_NS_ASSERTIONS = NO;
				ENABLE_STRICT_OBJC_MSGSEND = YES;
				GCC_C_LANGUAGE_STANDARD = gnu11;
				GCC_NO_COMMON_BLOCKS = YES;
				GCC_WARN_64_TO_32_BIT_CONVERSION = YES;
				GCC_WARN_ABOUT_RETURN_TYPE = YES_ERROR;
				GCC_WARN_UNDECLARED_SELECTOR = YES;
				GCC_WARN_UNINITIALIZED_AUTOS = YES_AGGRESSIVE;
				GCC_WARN_UNUSED_FUNCTION = YES;
				GCC_WARN_UNUSED_VARIABLE = YES;
				IPHONEOS_DEPLOYMENT_TARGET = 15.2;
				MTL_ENABLE_DEBUG_INFO = NO;
				MTL_FAST_MATH = YES;
				SDKROOT = iphoneos;
				SWIFT_COMPILATION_MODE = wholemodule;
				SWIFT_OPTIMIZATION_LEVEL = "-O";
				VALIDATE_PRODUCT = YES;
			};
			name = Release;
		};
		A39E64F327D6DC8000563E84 /* Debug */ = {
			isa = XCBuildConfiguration;
			buildSettings = {
				ASSETCATALOG_COMPILER_APPICON_NAME = AppIcon;
				ASSETCATALOG_COMPILER_GLOBAL_ACCENT_COLOR_NAME = AccentColor;
				CODE_SIGN_STYLE = Automatic;
				CURRENT_PROJECT_VERSION = 1;
				DEVELOPMENT_ASSET_PATHS = "\"forMilestone4/Preview Content\"";
				DEVELOPMENT_TEAM = 8H9VKBRVUV;
				ENABLE_PREVIEWS = YES;
				GENERATE_INFOPLIST_FILE = YES;
				INFOPLIST_KEY_UIApplicationSceneManifest_Generation = YES;
				INFOPLIST_KEY_UIApplicationSupportsIndirectInputEvents = YES;
				INFOPLIST_KEY_UILaunchScreen_Generation = YES;
				INFOPLIST_KEY_UISupportedInterfaceOrientations_iPad = "UIInterfaceOrientationPortrait UIInterfaceOrientationPortraitUpsideDown UIInterfaceOrientationLandscapeLeft UIInterfaceOrientationLandscapeRight";
				INFOPLIST_KEY_UISupportedInterfaceOrientations_iPhone = "UIInterfaceOrientationPortrait UIInterfaceOrientationLandscapeLeft UIInterfaceOrientationLandscapeRight";
				LD_RUNPATH_SEARCH_PATHS = (
					"$(inherited)",
					"@executable_path/Frameworks",
				);
				MARKETING_VERSION = 1.0;
				PRODUCT_BUNDLE_IDENTIFIER = io.ShengDong.forMilestone4;
				PRODUCT_NAME = "$(TARGET_NAME)";
				SWIFT_EMIT_LOC_STRINGS = YES;
				SWIFT_VERSION = 5.0;
				TARGETED_DEVICE_FAMILY = "1,2";
			};
			name = Debug;
		};
		A39E64F427D6DC8000563E84 /* Release */ = {
			isa = XCBuildConfiguration;
			buildSettings = {
				ASSETCATALOG_COMPILER_APPICON_NAME = AppIcon;
				ASSETCATALOG_COMPILER_GLOBAL_ACCENT_COLOR_NAME = AccentColor;
				CODE_SIGN_STYLE = Automatic;
				CURRENT_PROJECT_VERSION = 1;
				DEVELOPMENT_ASSET_PATHS = "\"forMilestone4/Preview Content\"";
				DEVELOPMENT_TEAM = 8H9VKBRVUV;
				ENABLE_PREVIEWS = YES;
				GENERATE_INFOPLIST_FILE = YES;
				INFOPLIST_KEY_UIApplicationSceneManifest_Generation = YES;
				INFOPLIST_KEY_UIApplicationSupportsIndirectInputEvents = YES;
				INFOPLIST_KEY_UILaunchScreen_Generation = YES;
				INFOPLIST_KEY_UISupportedInterfaceOrientations_iPad = "UIInterfaceOrientationPortrait UIInterfaceOrientationPortraitUpsideDown UIInterfaceOrientationLandscapeLeft UIInterfaceOrientationLandscapeRight";
				INFOPLIST_KEY_UISupportedInterfaceOrientations_iPhone = "UIInterfaceOrientationPortrait UIInterfaceOrientationLandscapeLeft UIInterfaceOrientationLandscapeRight";
				LD_RUNPATH_SEARCH_PATHS = (
					"$(inherited)",
					"@executable_path/Frameworks",
				);
				MARKETING_VERSION = 1.0;
				PRODUCT_BUNDLE_IDENTIFIER = io.ShengDong.forMilestone4;
				PRODUCT_NAME = "$(TARGET_NAME)";
				SWIFT_EMIT_LOC_STRINGS = YES;
				SWIFT_VERSION = 5.0;
				TARGETED_DEVICE_FAMILY = "1,2";
			};
			name = Release;
		};
/* End XCBuildConfiguration section */

/* Begin XCConfigurationList section */
		A39E64DF27D6DC8000563E84 /* Build configuration list for PBXProject "forMilestone4" */ = {
			isa = XCConfigurationList;
			buildConfigurations = (
				A39E64F027D6DC8000563E84 /* Debug */,
				A39E64F127D6DC8000563E84 /* Release */,
			);
			defaultConfigurationIsVisible = 0;
			defaultConfigurationName = Release;
		};
		A39E64F227D6DC8000563E84 /* Build configuration list for PBXNativeTarget "forMilestone4" */ = {
			isa = XCConfigurationList;
			buildConfigurations = (
				A39E64F327D6DC8000563E84 /* Debug */,
				A39E64F427D6DC8000563E84 /* Release */,
			);
			defaultConfigurationIsVisible = 0;
			defaultConfigurationName = Release;
		};
/* End XCConfigurationList section */
	};
	rootObject = A39E64DC27D6DC8000563E84 /* Project object */;
}
